// !$*UTF8*$!
{
	archiveVersion = 1;
	classes = {
	};
	objectVersion = 50;
	objects = {

/* Begin PBXBuildFile section */
		B25288A1232FE275001E6263 /* LandmarkRow.swift in Sources */ = {isa = PBXBuildFile; fileRef = B25288A0232FE275001E6263 /* LandmarkRow.swift */; };
		B25288BB232FE4E2001E6263 /* LandmarkList.swift in Sources */ = {isa = PBXBuildFile; fileRef = B25288BA232FE4E2001E6263 /* LandmarkList.swift */; };
		B287DE43232FF32700902AA1 /* lakemcdonald.jpg in Resources */ = {isa = PBXBuildFile; fileRef = B287DE37232FF32600902AA1 /* lakemcdonald.jpg */; };
		B287DE44232FF32700902AA1 /* rainbowlake.jpg in Resources */ = {isa = PBXBuildFile; fileRef = B287DE38232FF32600902AA1 /* rainbowlake.jpg */; };
		B287DE45232FF32700902AA1 /* silversalmoncreek.jpg in Resources */ = {isa = PBXBuildFile; fileRef = B287DE39232FF32600902AA1 /* silversalmoncreek.jpg */; };
		B287DE46232FF32700902AA1 /* stmarylake.jpg in Resources */ = {isa = PBXBuildFile; fileRef = B287DE3A232FF32600902AA1 /* stmarylake.jpg */; };
		B287DE47232FF32700902AA1 /* twinlake.jpg in Resources */ = {isa = PBXBuildFile; fileRef = B287DE3B232FF32700902AA1 /* twinlake.jpg */; };
		B287DE48232FF32700902AA1 /* umbagog.jpg in Resources */ = {isa = PBXBuildFile; fileRef = B287DE3C232FF32700902AA1 /* umbagog.jpg */; };
		B287DE49232FF32700902AA1 /* chilkoottrail.jpg in Resources */ = {isa = PBXBuildFile; fileRef = B287DE3D232FF32700902AA1 /* chilkoottrail.jpg */; };
		B287DE4A232FF32700902AA1 /* turtlerock.jpg in Resources */ = {isa = PBXBuildFile; fileRef = B287DE3E232FF32700902AA1 /* turtlerock.jpg */; };
		B287DE4B232FF32700902AA1 /* chincoteague.jpg in Resources */ = {isa = PBXBuildFile; fileRef = B287DE3F232FF32700902AA1 /* chincoteague.jpg */; };
		B287DE4C232FF32700902AA1 /* charleyrivers.jpg in Resources */ = {isa = PBXBuildFile; fileRef = B287DE40232FF32700902AA1 /* charleyrivers.jpg */; };
		B287DE4D232FF32700902AA1 /* hiddenlake.jpg in Resources */ = {isa = PBXBuildFile; fileRef = B287DE41232FF32700902AA1 /* hiddenlake.jpg */; };
		B287DE4E232FF32700902AA1 /* icybay.jpg in Resources */ = {isa = PBXBuildFile; fileRef = B287DE42232FF32700902AA1 /* icybay.jpg */; };
		B287DE50232FF59F00902AA1 /* UserData.swift in Sources */ = {isa = PBXBuildFile; fileRef = B287DE4F232FF59F00902AA1 /* UserData.swift */; };
		B2AC0716232F104700F2513E /* AppDelegate.swift in Sources */ = {isa = PBXBuildFile; fileRef = B2AC0715232F104700F2513E /* AppDelegate.swift */; };
		B2AC0718232F104700F2513E /* SceneDelegate.swift in Sources */ = {isa = PBXBuildFile; fileRef = B2AC0717232F104700F2513E /* SceneDelegate.swift */; };
		B2AC071A232F104700F2513E /* LandmarkDetail.swift in Sources */ = {isa = PBXBuildFile; fileRef = B2AC0719232F104700F2513E /* LandmarkDetail.swift */; };
		B2AC071C232F104A00F2513E /* Assets.xcassets in Resources */ = {isa = PBXBuildFile; fileRef = B2AC071B232F104A00F2513E /* Assets.xcassets */; };
		B2AC071F232F104A00F2513E /* Preview Assets.xcassets in Resources */ = {isa = PBXBuildFile; fileRef = B2AC071E232F104A00F2513E /* Preview Assets.xcassets */; };
		B2AC0722232F104A00F2513E /* LaunchScreen.storyboard in Resources */ = {isa = PBXBuildFile; fileRef = B2AC0720232F104A00F2513E /* LaunchScreen.storyboard */; };
		B2AC072D232F104A00F2513E /* LandmarksTests.swift in Sources */ = {isa = PBXBuildFile; fileRef = B2AC072C232F104A00F2513E /* LandmarksTests.swift */; };
		B2AC0738232F104A00F2513E /* LandmarksUITests.swift in Sources */ = {isa = PBXBuildFile; fileRef = B2AC0737232F104A00F2513E /* LandmarksUITests.swift */; };
		B2B74B78232F29F200F36E39 /* CircleImage.swift in Sources */ = {isa = PBXBuildFile; fileRef = B2B74B77232F29F200F36E39 /* CircleImage.swift */; };
		B2B74B7A232F2C1800F36E39 /* MapView.swift in Sources */ = {isa = PBXBuildFile; fileRef = B2B74B79232F2C1800F36E39 /* MapView.swift */; };
		B2B74B7C232F46B000F36E39 /* Landmark.swift in Sources */ = {isa = PBXBuildFile; fileRef = B2B74B7B232F46B000F36E39 /* Landmark.swift */; };
		B2B74B7E232F4AFB00F36E39 /* landmarkData.json in Resources */ = {isa = PBXBuildFile; fileRef = B2B74B7D232F4AFB00F36E39 /* landmarkData.json */; };
		B2B74B85232F4E2D00F36E39 /* Data.swift in Sources */ = {isa = PBXBuildFile; fileRef = B2B74B84232F4E2D00F36E39 /* Data.swift */; };
/* End PBXBuildFile section */

/* Begin PBXContainerItemProxy section */
		B2AC0729232F104A00F2513E /* PBXContainerItemProxy */ = {
			isa = PBXContainerItemProxy;
			containerPortal = B2AC070A232F104600F2513E /* Project object */;
			proxyType = 1;
			remoteGlobalIDString = B2AC0711232F104600F2513E;
			remoteInfo = Landmarks;
		};
		B2AC0734232F104A00F2513E /* PBXContainerItemProxy */ = {
			isa = PBXContainerItemProxy;
			containerPortal = B2AC070A232F104600F2513E /* Project object */;
			proxyType = 1;
			remoteGlobalIDString = B2AC0711232F104600F2513E;
			remoteInfo = Landmarks;
		};
/* End PBXContainerItemProxy section */

/* Begin PBXFileReference section */
		B25288A0232FE275001E6263 /* LandmarkRow.swift */ = {isa = PBXFileReference; lastKnownFileType = sourcecode.swift; path = LandmarkRow.swift; sourceTree = "<group>"; };
		B25288BA232FE4E2001E6263 /* LandmarkList.swift */ = {isa = PBXFileReference; lastKnownFileType = sourcecode.swift; path = LandmarkList.swift; sourceTree = "<group>"; };
		B287DE37232FF32600902AA1 /* lakemcdonald.jpg */ = {isa = PBXFileReference; lastKnownFileType = image.jpeg; path = lakemcdonald.jpg; sourceTree = "<group>"; };
		B287DE38232FF32600902AA1 /* rainbowlake.jpg */ = {isa = PBXFileReference; lastKnownFileType = image.jpeg; path = rainbowlake.jpg; sourceTree = "<group>"; };
		B287DE39232FF32600902AA1 /* silversalmoncreek.jpg */ = {isa = PBXFileReference; lastKnownFileType = image.jpeg; path = silversalmoncreek.jpg; sourceTree = "<group>"; };
		B287DE3A232FF32600902AA1 /* stmarylake.jpg */ = {isa = PBXFileReference; lastKnownFileType = image.jpeg; path = stmarylake.jpg; sourceTree = "<group>"; };
		B287DE3B232FF32700902AA1 /* twinlake.jpg */ = {isa = PBXFileReference; lastKnownFileType = image.jpeg; path = twinlake.jpg; sourceTree = "<group>"; };
		B287DE3C232FF32700902AA1 /* umbagog.jpg */ = {isa = PBXFileReference; lastKnownFileType = image.jpeg; path = umbagog.jpg; sourceTree = "<group>"; };
		B287DE3D232FF32700902AA1 /* chilkoottrail.jpg */ = {isa = PBXFileReference; lastKnownFileType = image.jpeg; path = chilkoottrail.jpg; sourceTree = "<group>"; };
		B287DE3E232FF32700902AA1 /* turtlerock.jpg */ = {isa = PBXFileReference; lastKnownFileType = image.jpeg; path = turtlerock.jpg; sourceTree = "<group>"; };
		B287DE3F232FF32700902AA1 /* chincoteague.jpg */ = {isa = PBXFileReference; lastKnownFileType = image.jpeg; path = chincoteague.jpg; sourceTree = "<group>"; };
		B287DE40232FF32700902AA1 /* charleyrivers.jpg */ = {isa = PBXFileReference; lastKnownFileType = image.jpeg; path = charleyrivers.jpg; sourceTree = "<group>"; };
		B287DE41232FF32700902AA1 /* hiddenlake.jpg */ = {isa = PBXFileReference; lastKnownFileType = image.jpeg; path = hiddenlake.jpg; sourceTree = "<group>"; };
		B287DE42232FF32700902AA1 /* icybay.jpg */ = {isa = PBXFileReference; lastKnownFileType = image.jpeg; path = icybay.jpg; sourceTree = "<group>"; };
		B287DE4F232FF59F00902AA1 /* UserData.swift */ = {isa = PBXFileReference; lastKnownFileType = sourcecode.swift; path = UserData.swift; sourceTree = "<group>"; };
		B2AC0712232F104700F2513E /* Landmarks.app */ = {isa = PBXFileReference; explicitFileType = wrapper.application; includeInIndex = 0; path = Landmarks.app; sourceTree = BUILT_PRODUCTS_DIR; };
		B2AC0715232F104700F2513E /* AppDelegate.swift */ = {isa = PBXFileReference; lastKnownFileType = sourcecode.swift; path = AppDelegate.swift; sourceTree = "<group>"; };
		B2AC0717232F104700F2513E /* SceneDelegate.swift */ = {isa = PBXFileReference; lastKnownFileType = sourcecode.swift; path = SceneDelegate.swift; sourceTree = "<group>"; };
		B2AC0719232F104700F2513E /* LandmarkDetail.swift */ = {isa = PBXFileReference; lastKnownFileType = sourcecode.swift; path = LandmarkDetail.swift; sourceTree = "<group>"; };
		B2AC071B232F104A00F2513E /* Assets.xcassets */ = {isa = PBXFileReference; lastKnownFileType = folder.assetcatalog; path = Assets.xcassets; sourceTree = "<group>"; };
		B2AC071E232F104A00F2513E /* Preview Assets.xcassets */ = {isa = PBXFileReference; lastKnownFileType = folder.assetcatalog; path = "Preview Assets.xcassets"; sourceTree = "<group>"; };
		B2AC0721232F104A00F2513E /* Base */ = {isa = PBXFileReference; lastKnownFileType = file.storyboard; name = Base; path = Base.lproj/LaunchScreen.storyboard; sourceTree = "<group>"; };
		B2AC0723232F104A00F2513E /* Info.plist */ = {isa = PBXFileReference; lastKnownFileType = text.plist.xml; path = Info.plist; sourceTree = "<group>"; };
		B2AC0728232F104A00F2513E /* LandmarksTests.xctest */ = {isa = PBXFileReference; explicitFileType = wrapper.cfbundle; includeInIndex = 0; path = LandmarksTests.xctest; sourceTree = BUILT_PRODUCTS_DIR; };
		B2AC072C232F104A00F2513E /* LandmarksTests.swift */ = {isa = PBXFileReference; lastKnownFileType = sourcecode.swift; path = LandmarksTests.swift; sourceTree = "<group>"; };
		B2AC072E232F104A00F2513E /* Info.plist */ = {isa = PBXFileReference; lastKnownFileType = text.plist.xml; path = Info.plist; sourceTree = "<group>"; };
		B2AC0733232F104A00F2513E /* LandmarksUITests.xctest */ = {isa = PBXFileReference; explicitFileType = wrapper.cfbundle; includeInIndex = 0; path = LandmarksUITests.xctest; sourceTree = BUILT_PRODUCTS_DIR; };
		B2AC0737232F104A00F2513E /* LandmarksUITests.swift */ = {isa = PBXFileReference; lastKnownFileType = sourcecode.swift; path = LandmarksUITests.swift; sourceTree = "<group>"; };
		B2AC0739232F104A00F2513E /* Info.plist */ = {isa = PBXFileReference; lastKnownFileType = text.plist.xml; path = Info.plist; sourceTree = "<group>"; };
		B2B74B77232F29F200F36E39 /* CircleImage.swift */ = {isa = PBXFileReference; lastKnownFileType = sourcecode.swift; path = CircleImage.swift; sourceTree = "<group>"; };
		B2B74B79232F2C1800F36E39 /* MapView.swift */ = {isa = PBXFileReference; lastKnownFileType = sourcecode.swift; path = MapView.swift; sourceTree = "<group>"; };
		B2B74B7B232F46B000F36E39 /* Landmark.swift */ = {isa = PBXFileReference; lastKnownFileType = sourcecode.swift; path = Landmark.swift; sourceTree = "<group>"; };
		B2B74B7D232F4AFB00F36E39 /* landmarkData.json */ = {isa = PBXFileReference; lastKnownFileType = text.json; path = landmarkData.json; sourceTree = "<group>"; };
		B2B74B84232F4E2D00F36E39 /* Data.swift */ = {isa = PBXFileReference; lastKnownFileType = sourcecode.swift; path = Data.swift; sourceTree = "<group>"; };
/* End PBXFileReference section */

/* Begin PBXFrameworksBuildPhase section */
		B2AC070F232F104600F2513E /* Frameworks */ = {
			isa = PBXFrameworksBuildPhase;
			buildActionMask = 2147483647;
			files = (
			);
			runOnlyForDeploymentPostprocessing = 0;
		};
		B2AC0725232F104A00F2513E /* Frameworks */ = {
			isa = PBXFrameworksBuildPhase;
			buildActionMask = 2147483647;
			files = (
			);
			runOnlyForDeploymentPostprocessing = 0;
		};
		B2AC0730232F104A00F2513E /* Frameworks */ = {
			isa = PBXFrameworksBuildPhase;
			buildActionMask = 2147483647;
			files = (
			);
			runOnlyForDeploymentPostprocessing = 0;
		};
/* End PBXFrameworksBuildPhase section */

/* Begin PBXGroup section */
		B25288BC232FEBAA001E6263 /* Views */ = {
			isa = PBXGroup;
			children = (
				B2AC0719232F104700F2513E /* LandmarkDetail.swift */,
				B25288A0232FE275001E6263 /* LandmarkRow.swift */,
				B25288BA232FE4E2001E6263 /* LandmarkList.swift */,
			);
			path = Views;
			sourceTree = "<group>";
		};
		B2AC0709232F104600F2513E = {
			isa = PBXGroup;
			children = (
				B2AC0714232F104700F2513E /* Landmarks */,
				B2AC072B232F104A00F2513E /* LandmarksTests */,
				B2AC0736232F104A00F2513E /* LandmarksUITests */,
				B2AC0713232F104700F2513E /* Products */,
			);
			sourceTree = "<group>";
		};
		B2AC0713232F104700F2513E /* Products */ = {
			isa = PBXGroup;
			children = (
				B2AC0712232F104700F2513E /* Landmarks.app */,
				B2AC0728232F104A00F2513E /* LandmarksTests.xctest */,
				B2AC0733232F104A00F2513E /* LandmarksUITests.xctest */,
			);
			name = Products;
			sourceTree = "<group>";
		};
		B2AC0714232F104700F2513E /* Landmarks */ = {
			isa = PBXGroup;
			children = (
				B25288BC232FEBAA001E6263 /* Views */,
				B2B74B81232F4BE700F36E39 /* Supporting Views */,
				B2B74B80232F4BBA00F36E39 /* Models */,
				B2B74B7F232F4B9C00F36E39 /* Resources */,
				B2AC0715232F104700F2513E /* AppDelegate.swift */,
				B2AC0717232F104700F2513E /* SceneDelegate.swift */,
				B2AC071B232F104A00F2513E /* Assets.xcassets */,
				B2AC0720232F104A00F2513E /* LaunchScreen.storyboard */,
				B2AC0723232F104A00F2513E /* Info.plist */,
				B2AC071D232F104A00F2513E /* Preview Content */,
			);
			path = Landmarks;
			sourceTree = "<group>";
		};
		B2AC071D232F104A00F2513E /* Preview Content */ = {
			isa = PBXGroup;
			children = (
				B2AC071E232F104A00F2513E /* Preview Assets.xcassets */,
			);
			path = "Preview Content";
			sourceTree = "<group>";
		};
		B2AC072B232F104A00F2513E /* LandmarksTests */ = {
			isa = PBXGroup;
			children = (
				B2AC072C232F104A00F2513E /* LandmarksTests.swift */,
				B2AC072E232F104A00F2513E /* Info.plist */,
			);
			path = LandmarksTests;
			sourceTree = "<group>";
		};
		B2AC0736232F104A00F2513E /* LandmarksUITests */ = {
			isa = PBXGroup;
			children = (
				B2AC0737232F104A00F2513E /* LandmarksUITests.swift */,
				B2AC0739232F104A00F2513E /* Info.plist */,
			);
			path = LandmarksUITests;
			sourceTree = "<group>";
		};
		B2B74B7F232F4B9C00F36E39 /* Resources */ = {
			isa = PBXGroup;
			children = (
				B287DE40232FF32700902AA1 /* charleyrivers.jpg */,
				B287DE3D232FF32700902AA1 /* chilkoottrail.jpg */,
				B287DE3F232FF32700902AA1 /* chincoteague.jpg */,
				B287DE41232FF32700902AA1 /* hiddenlake.jpg */,
				B287DE42232FF32700902AA1 /* icybay.jpg */,
				B287DE37232FF32600902AA1 /* lakemcdonald.jpg */,
				B287DE38232FF32600902AA1 /* rainbowlake.jpg */,
				B287DE39232FF32600902AA1 /* silversalmoncreek.jpg */,
				B287DE3A232FF32600902AA1 /* stmarylake.jpg */,
				B287DE3E232FF32700902AA1 /* turtlerock.jpg */,
				B287DE3B232FF32700902AA1 /* twinlake.jpg */,
				B287DE3C232FF32700902AA1 /* umbagog.jpg */,
				B2B74B7D232F4AFB00F36E39 /* landmarkData.json */,
			);
			path = Resources;
			sourceTree = "<group>";
		};
		B2B74B80232F4BBA00F36E39 /* Models */ = {
			isa = PBXGroup;
			children = (
				B2B74B7B232F46B000F36E39 /* Landmark.swift */,
				B2B74B84232F4E2D00F36E39 /* Data.swift */,
				B287DE4F232FF59F00902AA1 /* UserData.swift */,
			);
			path = Models;
			sourceTree = "<group>";
		};
		B2B74B81232F4BE700F36E39 /* Supporting Views */ = {
			isa = PBXGroup;
			children = (
				B2B74B77232F29F200F36E39 /* CircleImage.swift */,
				B2B74B79232F2C1800F36E39 /* MapView.swift */,
			);
			path = "Supporting Views";
			sourceTree = "<group>";
		};
/* End PBXGroup section */

/* Begin PBXNativeTarget section */
		B2AC0711232F104600F2513E /* Landmarks */ = {
			isa = PBXNativeTarget;
			buildConfigurationList = B2AC073C232F104A00F2513E /* Build configuration list for PBXNativeTarget "Landmarks" */;
			buildPhases = (
				B2AC070E232F104600F2513E /* Sources */,
				B2AC070F232F104600F2513E /* Frameworks */,
				B2AC0710232F104600F2513E /* Resources */,
			);
			buildRules = (
			);
			dependencies = (
			);
			name = Landmarks;
			productName = Landmarks;
			productReference = B2AC0712232F104700F2513E /* Landmarks.app */;
			productType = "com.apple.product-type.application";
		};
		B2AC0727232F104A00F2513E /* LandmarksTests */ = {
			isa = PBXNativeTarget;
			buildConfigurationList = B2AC073F232F104A00F2513E /* Build configuration list for PBXNativeTarget "LandmarksTests" */;
			buildPhases = (
				B2AC0724232F104A00F2513E /* Sources */,
				B2AC0725232F104A00F2513E /* Frameworks */,
				B2AC0726232F104A00F2513E /* Resources */,
			);
			buildRules = (
			);
			dependencies = (
				B2AC072A232F104A00F2513E /* PBXTargetDependency */,
			);
			name = LandmarksTests;
			productName = LandmarksTests;
			productReference = B2AC0728232F104A00F2513E /* LandmarksTests.xctest */;
			productType = "com.apple.product-type.bundle.unit-test";
		};
		B2AC0732232F104A00F2513E /* LandmarksUITests */ = {
			isa = PBXNativeTarget;
			buildConfigurationList = B2AC0742232F104A00F2513E /* Build configuration list for PBXNativeTarget "LandmarksUITests" */;
			buildPhases = (
				B2AC072F232F104A00F2513E /* Sources */,
				B2AC0730232F104A00F2513E /* Frameworks */,
				B2AC0731232F104A00F2513E /* Resources */,
			);
			buildRules = (
			);
			dependencies = (
				B2AC0735232F104A00F2513E /* PBXTargetDependency */,
			);
			name = LandmarksUITests;
			productName = LandmarksUITests;
			productReference = B2AC0733232F104A00F2513E /* LandmarksUITests.xctest */;
			productType = "com.apple.product-type.bundle.ui-testing";
		};
/* End PBXNativeTarget section */

/* Begin PBXProject section */
		B2AC070A232F104600F2513E /* Project object */ = {
			isa = PBXProject;
			attributes = {
				LastSwiftUpdateCheck = 1100;
				LastUpgradeCheck = 1100;
				ORGANIZATIONNAME = "佐藤 賢";
				TargetAttributes = {
					B2AC0711232F104600F2513E = {
						CreatedOnToolsVersion = 11.0;
					};
					B2AC0727232F104A00F2513E = {
						CreatedOnToolsVersion = 11.0;
						TestTargetID = B2AC0711232F104600F2513E;
					};
					B2AC0732232F104A00F2513E = {
						CreatedOnToolsVersion = 11.0;
						TestTargetID = B2AC0711232F104600F2513E;
					};
				};
			};
			buildConfigurationList = B2AC070D232F104600F2513E /* Build configuration list for PBXProject "Landmarks" */;
			compatibilityVersion = "Xcode 9.3";
			developmentRegion = en;
			hasScannedForEncodings = 0;
			knownRegions = (
				en,
				Base,
			);
			mainGroup = B2AC0709232F104600F2513E;
			productRefGroup = B2AC0713232F104700F2513E /* Products */;
			projectDirPath = "";
			projectRoot = "";
			targets = (
				B2AC0711232F104600F2513E /* Landmarks */,
				B2AC0727232F104A00F2513E /* LandmarksTests */,
				B2AC0732232F104A00F2513E /* LandmarksUITests */,
			);
		};
/* End PBXProject section */

/* Begin PBXResourcesBuildPhase section */
		B2AC0710232F104600F2513E /* Resources */ = {
			isa = PBXResourcesBuildPhase;
			buildActionMask = 2147483647;
			files = (
				B2AC0722232F104A00F2513E /* LaunchScreen.storyboard in Resources */,
				B287DE44232FF32700902AA1 /* rainbowlake.jpg in Resources */,
				B287DE46232FF32700902AA1 /* stmarylake.jpg in Resources */,
				B287DE43232FF32700902AA1 /* lakemcdonald.jpg in Resources */,
				B287DE48232FF32700902AA1 /* umbagog.jpg in Resources */,
				B287DE4B232FF32700902AA1 /* chincoteague.jpg in Resources */,
				B2B74B7E232F4AFB00F36E39 /* landmarkData.json in Resources */,
				B287DE4C232FF32700902AA1 /* charleyrivers.jpg in Resources */,
				B287DE49232FF32700902AA1 /* chilkoottrail.jpg in Resources */,
				B287DE45232FF32700902AA1 /* silversalmoncreek.jpg in Resources */,
				B287DE4E232FF32700902AA1 /* icybay.jpg in Resources */,
				B287DE4A232FF32700902AA1 /* turtlerock.jpg in Resources */,
				B287DE47232FF32700902AA1 /* twinlake.jpg in Resources */,
				B2AC071F232F104A00F2513E /* Preview Assets.xcassets in Resources */,
				B287DE4D232FF32700902AA1 /* hiddenlake.jpg in Resources */,
				B2AC071C232F104A00F2513E /* Assets.xcassets in Resources */,
			);
			runOnlyForDeploymentPostprocessing = 0;
		};
		B2AC0726232F104A00F2513E /* Resources */ = {
			isa = PBXResourcesBuildPhase;
			buildActionMask = 2147483647;
			files = (
			);
			runOnlyForDeploymentPostprocessing = 0;
		};
		B2AC0731232F104A00F2513E /* Resources */ = {
			isa = PBXResourcesBuildPhase;
			buildActionMask = 2147483647;
			files = (
			);
			runOnlyForDeploymentPostprocessing = 0;
		};
/* End PBXResourcesBuildPhase section */

/* Begin PBXSourcesBuildPhase section */
		B2AC070E232F104600F2513E /* Sources */ = {
			isa = PBXSourcesBuildPhase;
			buildActionMask = 2147483647;
			files = (
				B2AC0716232F104700F2513E /* AppDelegate.swift in Sources */,
				B2B74B78232F29F200F36E39 /* CircleImage.swift in Sources */,
				B2B74B7A232F2C1800F36E39 /* MapView.swift in Sources */,
				B2AC0718232F104700F2513E /* SceneDelegate.swift in Sources */,
				B25288BB232FE4E2001E6263 /* LandmarkList.swift in Sources */,
				B2AC071A232F104700F2513E /* LandmarkDetail.swift in Sources */,
				B2B74B7C232F46B000F36E39 /* Landmark.swift in Sources */,
				B25288A1232FE275001E6263 /* LandmarkRow.swift in Sources */,
				B287DE50232FF59F00902AA1 /* UserData.swift in Sources */,
				B2B74B85232F4E2D00F36E39 /* Data.swift in Sources */,
			);
			runOnlyForDeploymentPostprocessing = 0;
		};
		B2AC0724232F104A00F2513E /* Sources */ = {
			isa = PBXSourcesBuildPhase;
			buildActionMask = 2147483647;
			files = (
				B2AC072D232F104A00F2513E /* LandmarksTests.swift in Sources */,
			);
			runOnlyForDeploymentPostprocessing = 0;
		};
		B2AC072F232F104A00F2513E /* Sources */ = {
			isa = PBXSourcesBuildPhase;
			buildActionMask = 2147483647;
			files = (
				B2AC0738232F104A00F2513E /* LandmarksUITests.swift in Sources */,
			);
			runOnlyForDeploymentPostprocessing = 0;
		};
/* End PBXSourcesBuildPhase section */

/* Begin PBXTargetDependency section */
		B2AC072A232F104A00F2513E /* PBXTargetDependency */ = {
			isa = PBXTargetDependency;
			target = B2AC0711232F104600F2513E /* Landmarks */;
			targetProxy = B2AC0729232F104A00F2513E /* PBXContainerItemProxy */;
		};
		B2AC0735232F104A00F2513E /* PBXTargetDependency */ = {
			isa = PBXTargetDependency;
			target = B2AC0711232F104600F2513E /* Landmarks */;
			targetProxy = B2AC0734232F104A00F2513E /* PBXContainerItemProxy */;
		};
/* End PBXTargetDependency section */

/* Begin PBXVariantGroup section */
		B2AC0720232F104A00F2513E /* LaunchScreen.storyboard */ = {
			isa = PBXVariantGroup;
			children = (
				B2AC0721232F104A00F2513E /* Base */,
			);
			name = LaunchScreen.storyboard;
			sourceTree = "<group>";
		};
/* End PBXVariantGroup section */

/* Begin XCBuildConfiguration section */
		B2AC073A232F104A00F2513E /* Debug */ = {
			isa = XCBuildConfiguration;
			buildSettings = {
				ALWAYS_SEARCH_USER_PATHS = NO;
				CLANG_ANALYZER_NONNULL = YES;
				CLANG_ANALYZER_NUMBER_OBJECT_CONVERSION = YES_AGGRESSIVE;
				CLANG_CXX_LANGUAGE_STANDARD = "gnu++14";
				CLANG_CXX_LIBRARY = "libc++";
				CLANG_ENABLE_MODULES = YES;
				CLANG_ENABLE_OBJC_ARC = YES;
				CLANG_ENABLE_OBJC_WEAK = YES;
				CLANG_WARN_BLOCK_CAPTURE_AUTORELEASING = YES;
				CLANG_WARN_BOOL_CONVERSION = YES;
				CLANG_WARN_COMMA = YES;
				CLANG_WARN_CONSTANT_CONVERSION = YES;
				CLANG_WARN_DEPRECATED_OBJC_IMPLEMENTATIONS = YES;
				CLANG_WARN_DIRECT_OBJC_ISA_USAGE = YES_ERROR;
				CLANG_WARN_DOCUMENTATION_COMMENTS = YES;
				CLANG_WARN_EMPTY_BODY = YES;
				CLANG_WARN_ENUM_CONVERSION = YES;
				CLANG_WARN_INFINITE_RECURSION = YES;
				CLANG_WARN_INT_CONVERSION = YES;
				CLANG_WARN_NON_LITERAL_NULL_CONVERSION = YES;
				CLANG_WARN_OBJC_IMPLICIT_RETAIN_SELF = YES;
				CLANG_WARN_OBJC_LITERAL_CONVERSION = YES;
				CLANG_WARN_OBJC_ROOT_CLASS = YES_ERROR;
				CLANG_WARN_RANGE_LOOP_ANALYSIS = YES;
				CLANG_WARN_STRICT_PROTOTYPES = YES;
				CLANG_WARN_SUSPICIOUS_MOVE = YES;
				CLANG_WARN_UNGUARDED_AVAILABILITY = YES_AGGRESSIVE;
				CLANG_WARN_UNREACHABLE_CODE = YES;
				CLANG_WARN__DUPLICATE_METHOD_MATCH = YES;
				COPY_PHASE_STRIP = NO;
				DEBUG_INFORMATION_FORMAT = dwarf;
				ENABLE_STRICT_OBJC_MSGSEND = YES;
				ENABLE_TESTABILITY = YES;
				GCC_C_LANGUAGE_STANDARD = gnu11;
				GCC_DYNAMIC_NO_PIC = NO;
				GCC_NO_COMMON_BLOCKS = YES;
				GCC_OPTIMIZATION_LEVEL = 0;
				GCC_PREPROCESSOR_DEFINITIONS = (
					"DEBUG=1",
					"$(inherited)",
				);
				GCC_WARN_64_TO_32_BIT_CONVERSION = YES;
				GCC_WARN_ABOUT_RETURN_TYPE = YES_ERROR;
				GCC_WARN_UNDECLARED_SELECTOR = YES;
				GCC_WARN_UNINITIALIZED_AUTOS = YES_AGGRESSIVE;
				GCC_WARN_UNUSED_FUNCTION = YES;
				GCC_WARN_UNUSED_VARIABLE = YES;
				IPHONEOS_DEPLOYMENT_TARGET = 13.0;
				MTL_ENABLE_DEBUG_INFO = INCLUDE_SOURCE;
				MTL_FAST_MATH = YES;
				ONLY_ACTIVE_ARCH = YES;
				SDKROOT = iphoneos;
				SWIFT_ACTIVE_COMPILATION_CONDITIONS = DEBUG;
				SWIFT_OPTIMIZATION_LEVEL = "-Onone";
			};
			name = Debug;
		};
		B2AC073B232F104A00F2513E /* Release */ = {
			isa = XCBuildConfiguration;
			buildSettings = {
				ALWAYS_SEARCH_USER_PATHS = NO;
				CLANG_ANALYZER_NONNULL = YES;
				CLANG_ANALYZER_NUMBER_OBJECT_CONVERSION = YES_AGGRESSIVE;
				CLANG_CXX_LANGUAGE_STANDARD = "gnu++14";
				CLANG_CXX_LIBRARY = "libc++";
				CLANG_ENABLE_MODULES = YES;
				CLANG_ENABLE_OBJC_ARC = YES;
				CLANG_ENABLE_OBJC_WEAK = YES;
				CLANG_WARN_BLOCK_CAPTURE_AUTORELEASING = YES;
				CLANG_WARN_BOOL_CONVERSION = YES;
				CLANG_WARN_COMMA = YES;
				CLANG_WARN_CONSTANT_CONVERSION = YES;
				CLANG_WARN_DEPRECATED_OBJC_IMPLEMENTATIONS = YES;
				CLANG_WARN_DIRECT_OBJC_ISA_USAGE = YES_ERROR;
				CLANG_WARN_DOCUMENTATION_COMMENTS = YES;
				CLANG_WARN_EMPTY_BODY = YES;
				CLANG_WARN_ENUM_CONVERSION = YES;
				CLANG_WARN_INFINITE_RECURSION = YES;
				CLANG_WARN_INT_CONVERSION = YES;
				CLANG_WARN_NON_LITERAL_NULL_CONVERSION = YES;
				CLANG_WARN_OBJC_IMPLICIT_RETAIN_SELF = YES;
				CLANG_WARN_OBJC_LITERAL_CONVERSION = YES;
				CLANG_WARN_OBJC_ROOT_CLASS = YES_ERROR;
				CLANG_WARN_RANGE_LOOP_ANALYSIS = YES;
				CLANG_WARN_STRICT_PROTOTYPES = YES;
				CLANG_WARN_SUSPICIOUS_MOVE = YES;
				CLANG_WARN_UNGUARDED_AVAILABILITY = YES_AGGRESSIVE;
				CLANG_WARN_UNREACHABLE_CODE = YES;
				CLANG_WARN__DUPLICATE_METHOD_MATCH = YES;
				COPY_PHASE_STRIP = NO;
				DEBUG_INFORMATION_FORMAT = "dwarf-with-dsym";
				ENABLE_NS_ASSERTIONS = NO;
				ENABLE_STRICT_OBJC_MSGSEND = YES;
				GCC_C_LANGUAGE_STANDARD = gnu11;
				GCC_NO_COMMON_BLOCKS = YES;
				GCC_WARN_64_TO_32_BIT_CONVERSION = YES;
				GCC_WARN_ABOUT_RETURN_TYPE = YES_ERROR;
				GCC_WARN_UNDECLARED_SELECTOR = YES;
				GCC_WARN_UNINITIALIZED_AUTOS = YES_AGGRESSIVE;
				GCC_WARN_UNUSED_FUNCTION = YES;
				GCC_WARN_UNUSED_VARIABLE = YES;
				IPHONEOS_DEPLOYMENT_TARGET = 13.0;
				MTL_ENABLE_DEBUG_INFO = NO;
				MTL_FAST_MATH = YES;
				SDKROOT = iphoneos;
				SWIFT_COMPILATION_MODE = wholemodule;
				SWIFT_OPTIMIZATION_LEVEL = "-O";
				VALIDATE_PRODUCT = YES;
			};
			name = Release;
		};
		B2AC073D232F104A00F2513E /* Debug */ = {
			isa = XCBuildConfiguration;
			buildSettings = {
				ASSETCATALOG_COMPILER_APPICON_NAME = AppIcon;
				CODE_SIGN_STYLE = Automatic;
				DEVELOPMENT_ASSET_PATHS = "\"Landmarks/Preview Content\"";
				DEVELOPMENT_TEAM = JL94BNBL3S;
				ENABLE_PREVIEWS = YES;
				INFOPLIST_FILE = Landmarks/Info.plist;
				LD_RUNPATH_SEARCH_PATHS = (
					"$(inherited)",
					"@executable_path/Frameworks",
				);
				PRODUCT_BUNDLE_IDENTIFIER = "ks-cap.Landmarks";
				PRODUCT_NAME = "$(TARGET_NAME)";
				SWIFT_VERSION = 5.0;
				TARGETED_DEVICE_FAMILY = "1,2";
			};
			name = Debug;
		};
		B2AC073E232F104A00F2513E /* Release */ = {
			isa = XCBuildConfiguration;
			buildSettings = {
				ASSETCATALOG_COMPILER_APPICON_NAME = AppIcon;
				CODE_SIGN_STYLE = Automatic;
				DEVELOPMENT_ASSET_PATHS = "\"Landmarks/Preview Content\"";
				DEVELOPMENT_TEAM = JL94BNBL3S;
				ENABLE_PREVIEWS = YES;
				INFOPLIST_FILE = Landmarks/Info.plist;
				LD_RUNPATH_SEARCH_PATHS = (
					"$(inherited)",
					"@executable_path/Frameworks",
				);
				PRODUCT_BUNDLE_IDENTIFIER = "ks-cap.Landmarks";
				PRODUCT_NAME = "$(TARGET_NAME)";
				SWIFT_VERSION = 5.0;
				TARGETED_DEVICE_FAMILY = "1,2";
			};
			name = Release;
		};
		B2AC0740232F104A00F2513E /* Debug */ = {
			isa = XCBuildConfiguration;
			buildSettings = {
				ALWAYS_EMBED_SWIFT_STANDARD_LIBRARIES = YES;
				BUNDLE_LOADER = "$(TEST_HOST)";
				CODE_SIGN_STYLE = Automatic;
				DEVELOPMENT_TEAM = JL94BNBL3S;
				INFOPLIST_FILE = LandmarksTests/Info.plist;
				IPHONEOS_DEPLOYMENT_TARGET = 13.0;
				LD_RUNPATH_SEARCH_PATHS = (
					"$(inherited)",
					"@executable_path/Frameworks",
					"@loader_path/Frameworks",
				);
				PRODUCT_BUNDLE_IDENTIFIER = "ks-cap.LandmarksTests";
				PRODUCT_NAME = "$(TARGET_NAME)";
				SWIFT_VERSION = 5.0;
				TARGETED_DEVICE_FAMILY = "1,2";
				TEST_HOST = "$(BUILT_PRODUCTS_DIR)/Landmarks.app/Landmarks";
			};
			name = Debug;
		};
		B2AC0741232F104A00F2513E /* Release */ = {
			isa = XCBuildConfiguration;
			buildSettings = {
				ALWAYS_EMBED_SWIFT_STANDARD_LIBRARIES = YES;
				BUNDLE_LOADER = "$(TEST_HOST)";
				CODE_SIGN_STYLE = Automatic;
				DEVELOPMENT_TEAM = JL94BNBL3S;
				INFOPLIST_FILE = LandmarksTests/Info.plist;
				IPHONEOS_DEPLOYMENT_TARGET = 13.0;
				LD_RUNPATH_SEARCH_PATHS = (
					"$(inherited)",
					"@executable_path/Frameworks",
					"@loader_path/Frameworks",
				);
				PRODUCT_BUNDLE_IDENTIFIER = "ks-cap.LandmarksTests";
				PRODUCT_NAME = "$(TARGET_NAME)";
				SWIFT_VERSION = 5.0;
				TARGETED_DEVICE_FAMILY = "1,2";
				TEST_HOST = "$(BUILT_PRODUCTS_DIR)/Landmarks.app/Landmarks";
			};
			name = Release;
		};
		B2AC0743232F104A00F2513E /* Debug */ = {
			isa = XCBuildConfiguration;
			buildSettings = {
				ALWAYS_EMBED_SWIFT_STANDARD_LIBRARIES = YES;
				CODE_SIGN_STYLE = Automatic;
				DEVELOPMENT_TEAM = JL94BNBL3S;
				INFOPLIST_FILE = LandmarksUITests/Info.plist;
				LD_RUNPATH_SEARCH_PATHS = (
					"$(inherited)",
					"@executable_path/Frameworks",
					"@loader_path/Frameworks",
				);
				PRODUCT_BUNDLE_IDENTIFIER = "ks-cap.LandmarksUITests";
				PRODUCT_NAME = "$(TARGET_NAME)";
				SWIFT_VERSION = 5.0;
				TARGETED_DEVICE_FAMILY = "1,2";
				TEST_TARGET_NAME = Landmarks;
			};
			name = Debug;
		};
		B2AC0744232F104A00F2513E /* Release */ = {
			isa = XCBuildConfiguration;
			buildSettings = {
				ALWAYS_EMBED_SWIFT_STANDARD_LIBRARIES = YES;
				CODE_SIGN_STYLE = Automatic;
				DEVELOPMENT_TEAM = JL94BNBL3S;
				INFOPLIST_FILE = LandmarksUITests/Info.plist;
				LD_RUNPATH_SEARCH_PATHS = (
					"$(inherited)",
					"@executable_path/Frameworks",
					"@loader_path/Frameworks",
				);
				PRODUCT_BUNDLE_IDENTIFIER = "ks-cap.LandmarksUITests";
				PRODUCT_NAME = "$(TARGET_NAME)";
				SWIFT_VERSION = 5.0;
				TARGETED_DEVICE_FAMILY = "1,2";
				TEST_TARGET_NAME = Landmarks;
			};
			name = Release;
		};
/* End XCBuildConfiguration section */

/* Begin XCConfigurationList section */
		B2AC070D232F104600F2513E /* Build configuration list for PBXProject "Landmarks" */ = {
			isa = XCConfigurationList;
			buildConfigurations = (
				B2AC073A232F104A00F2513E /* Debug */,
				B2AC073B232F104A00F2513E /* Release */,
			);
			defaultConfigurationIsVisible = 0;
			defaultConfigurationName = Release;
		};
		B2AC073C232F104A00F2513E /* Build configuration list for PBXNativeTarget "Landmarks" */ = {
			isa = XCConfigurationList;
			buildConfigurations = (
				B2AC073D232F104A00F2513E /* Debug */,
				B2AC073E232F104A00F2513E /* Release */,
			);
			defaultConfigurationIsVisible = 0;
			defaultConfigurationName = Release;
		};
		B2AC073F232F104A00F2513E /* Build configuration list for PBXNativeTarget "LandmarksTests" */ = {
			isa = XCConfigurationList;
			buildConfigurations = (
				B2AC0740232F104A00F2513E /* Debug */,
				B2AC0741232F104A00F2513E /* Release */,
			);
			defaultConfigurationIsVisible = 0;
			defaultConfigurationName = Release;
		};
		B2AC0742232F104A00F2513E /* Build configuration list for PBXNativeTarget "LandmarksUITests" */ = {
			isa = XCConfigurationList;
			buildConfigurations = (
				B2AC0743232F104A00F2513E /* Debug */,
				B2AC0744232F104A00F2513E /* Release */,
			);
			defaultConfigurationIsVisible = 0;
			defaultConfigurationName = Release;
		};
/* End XCConfigurationList section */
	};
	rootObject = B2AC070A232F104600F2513E /* Project object */;
}
